{
  "pins" : [
    {
      "identity" : "btt-swift-sdk",
      "kind" : "remoteSourceControl",
      "location" : "https://github.com/JP-aloha/btt-swift-sdk.git",
      "state" : {
        "branch" : "feature/auto_track_test",
        "revision" : "7edf199da20ce888d9462e40dfa45ebb36d30845"
      }
    },
    {
      "identity" : "clarity-apps",
      "kind" : "remoteSourceControl",
      "location" : "https://github.com/microsoft/clarity-apps.git",
      "state" : {
        "revision" : "67b10c29f4246517d99b0966d10aff9a6eb04555",
        "version" : "3.5.2"
      }
    },
    {
      "identity" : "swift-collections",
      "kind" : "remoteSourceControl",
      "location" : "https://github.com/apple/swift-collections",
      "state" : {
        "revision" : "fea17c02d767f46b23070fdfdacc28a03a39232a",
        "version" : "1.5.1"
      }
    },
    {
      "identity" : "swift-identified-collections",
      "kind" : "remoteSourceControl",
      "location" : "https://github.com/pointfreeco/swift-identified-collections",
      "state" : {
        "revision" : "d01446a78fb768adc9a78cbb6df07767c8ccfc29",
        "version" : "0.8.0"
      }
    },
    {
      "identity" : "swift-syntax",
      "kind" : "remoteSourceControl",
      "location" : "https://github.com/apple/swift-syntax.git",
      "state" : {
        "revision" : "64889f0c732f210a935a0ad7cda38f77f876262d",
        "version" : "509.1.1"
      }
    }
  ],
  "version" : 2
}
