{
  "pins" : [
    {
      "identity" : "btt-swift-sdk",
      "kind" : "remoteSourceControl",
      "location" : "https://github.com/blue-triangle-tech/btt-swift-sdk.git",
      "state" : {
        "revision" : "1127c0399650db5794159b455cadec11848d5272",
        "version" : "3.15.8"
      }
    },
    {
      "identity" : "clarity-apps",
      "kind" : "remoteSourceControl",
      "location" : "https://github.com/microsoft/clarity-apps.git",
      "state" : {
        "revision" : "4b1dba23a993d07c70cf24010cbb0f0649f1e963",
        "version" : "3.0.17"
      }
    },
    {
      "identity" : "swift-collections",
      "kind" : "remoteSourceControl",
      "location" : "https://github.com/apple/swift-collections",
      "state" : {
        "revision" : "8c0c0a8b49e080e54e5e328cc552821ff07cd341",
        "version" : "1.2.1"
      }
    },
    {
      "identity" : "swift-identified-collections",
      "kind" : "remoteSourceControl",
      "location" : "https://github.com/pointfreeco/swift-identified-collections",
      "state" : {
        "revision" : "d01446a78fb768adc9a78cbb6df07767c8ccfc29",
        "version" : "0.8.0"
      }
    }
  ],
  "version" : 2
}
